
Microsoft Visual Studio Solution File, Format Version 12.00
# Visual Studio Version 16
VisualStudioVersion = 16.0.29519.181
MinimumVisualStudioVersion = 10.0.40219.1
Project("{9A19103F-16F7-4668-BE54-9A1E7A4F7556}") = "CLI", "CLI.csproj", "{C477129E-8673-4A6C-8445-AF70E9ED4D89}"
EndProject
Project("{9A19103F-16F7-4668-BE54-9A1E7A4F7556}") = "BLL", "..\BLL\BLL.csproj", "{8F77D8F9-15AA-4827-A3D0-D3AF685346DB}"
EndProject
Global
	GlobalSection(SolutionConfigurationPlatforms) = preSolution
		Debug|Any CPU = Debug|Any CPU
		Release|Any CPU = Release|Any CPU
	EndGlobalSection
	GlobalSection(ProjectConfigurationPlatforms) = postSolution
		{C477129E-8673-4A6C-8445-AF70E9ED4D89}.Debug|Any CPU.ActiveCfg = Debug|Any CPU
		{C477129E-8673-4A6C-8445-AF70E9ED4D89}.Debug|Any CPU.Build.0 = Debug|Any CPU
		{C477129E-8673-4A6C-8445-AF70E9ED4D89}.Release|Any CPU.ActiveCfg = Release|Any CPU
		{C477129E-8673-4A6C-8445-AF70E9ED4D89}.Release|Any CPU.Build.0 = Release|Any CPU
		{8F77D8F9-15AA-4827-A3D0-D3AF685346DB}.Debug|Any CPU.ActiveCfg = Debug|Any CPU
		{8F77D8F9-15AA-4827-A3D0-D3AF685346DB}.Debug|Any CPU.Build.0 = Debug|Any CPU
		{8F77D8F9-15AA-4827-A3D0-D3AF685346DB}.Release|Any CPU.ActiveCfg = Release|Any CPU
		{8F77D8F9-15AA-4827-A3D0-D3AF685346DB}.Release|Any CPU.Build.0 = Release|Any CPU
	EndGlobalSection
	GlobalSection(SolutionProperties) = preSolution
		HideSolutionNode = FALSE
	EndGlobalSection
	GlobalSection(ExtensibilityGlobals) = postSolution
		SolutionGuid = {3A729731-F344-4E35-B636-1C5561B0AF0C}
	EndGlobalSection
EndGlobal
