
Microsoft Visual Studio Solution File, Format Version 12.00
# Visual Studio Version 16
VisualStudioVersion = 16.0.29519.181
MinimumVisualStudioVersion = 10.0.40219.1
Project("{9A19103F-16F7-4668-BE54-9A1E7A4F7556}") = "BLL", "BLL\BLL.csproj", "{C3351E5D-60D3-4373-AE71-ABA19BEA6C5D}"
EndProject
Project("{9A19103F-16F7-4668-BE54-9A1E7A4F7556}") = "CLI", "CLI\CLI.csproj", "{E03932A3-287C-49BB-89F7-4DE09B0B9766}"
EndProject
Project("{9A19103F-16F7-4668-BE54-9A1E7A4F7556}") = "UnitTestCalculatorApp", "UnitTestCalculatorApp\UnitTestCalculatorApp.csproj", "{6FDA25A8-7175-4B32-82A5-F29C51A53A62}"
EndProject
Global
	GlobalSection(SolutionConfigurationPlatforms) = preSolution
		Debug|Any CPU = Debug|Any CPU
		Release|Any CPU = Release|Any CPU
	EndGlobalSection
	GlobalSection(ProjectConfigurationPlatforms) = postSolution
		{C3351E5D-60D3-4373-AE71-ABA19BEA6C5D}.Debug|Any CPU.ActiveCfg = Debug|Any CPU
		{C3351E5D-60D3-4373-AE71-ABA19BEA6C5D}.Debug|Any CPU.Build.0 = Debug|Any CPU
		{C3351E5D-60D3-4373-AE71-ABA19BEA6C5D}.Release|Any CPU.ActiveCfg = Release|Any CPU
		{C3351E5D-60D3-4373-AE71-ABA19BEA6C5D}.Release|Any CPU.Build.0 = Release|Any CPU
		{E03932A3-287C-49BB-89F7-4DE09B0B9766}.Debug|Any CPU.ActiveCfg = Debug|Any CPU
		{E03932A3-287C-49BB-89F7-4DE09B0B9766}.Debug|Any CPU.Build.0 = Debug|Any CPU
		{E03932A3-287C-49BB-89F7-4DE09B0B9766}.Release|Any CPU.ActiveCfg = Release|Any CPU
		{E03932A3-287C-49BB-89F7-4DE09B0B9766}.Release|Any CPU.Build.0 = Release|Any CPU
		{6FDA25A8-7175-4B32-82A5-F29C51A53A62}.Debug|Any CPU.ActiveCfg = Debug|Any CPU
		{6FDA25A8-7175-4B32-82A5-F29C51A53A62}.Debug|Any CPU.Build.0 = Debug|Any CPU
		{6FDA25A8-7175-4B32-82A5-F29C51A53A62}.Release|Any CPU.ActiveCfg = Release|Any CPU
		{6FDA25A8-7175-4B32-82A5-F29C51A53A62}.Release|Any CPU.Build.0 = Release|Any CPU
	EndGlobalSection
	GlobalSection(SolutionProperties) = preSolution
		HideSolutionNode = FALSE
	EndGlobalSection
	GlobalSection(ExtensibilityGlobals) = postSolution
		SolutionGuid = {3A729731-F344-4E35-B636-1C5561B0AF0C}
	EndGlobalSection
EndGlobal
